
Microsoft Visual Studio Solution File, Format Version 12.00
# Visual Studio Version 16
VisualStudioVersion = 16.0.31314.313
MinimumVisualStudioVersion = 10.0.40219.1
Project("{9A19103F-16F7-4668-BE54-9A1E7A4F7556}") = "Terrajobst.GitHubEvents", "Terrajobst.GitHubEvents\Terrajobst.GitHubEvents.csproj", "{7D5A7C38-3A07-4B3C-839B-31AC68C65768}"
EndProject
Project("{9A19103F-16F7-4668-BE54-9A1E7A4F7556}") = "Terrajobst.GitHubEvents.AspNetCore", "Terrajobst.GitHubEvents.AspNetCore\Terrajobst.GitHubEvents.AspNetCore.csproj", "{A1388C37-D47F-42AD-9EFE-0D4C43C096F1}"
EndProject
Global
	GlobalSection(SolutionConfigurationPlatforms) = preSolution
		Debug|Any CPU = Debug|Any CPU
		Release|Any CPU = Release|Any CPU
	EndGlobalSection
	GlobalSection(ProjectConfigurationPlatforms) = postSolution
		{7D5A7C38-3A07-4B3C-839B-31AC68C65768}.Debug|Any CPU.ActiveCfg = Debug|Any CPU
		{7D5A7C38-3A07-4B3C-839B-31AC68C65768}.Debug|Any CPU.Build.0 = Debug|Any CPU
		{7D5A7C38-3A07-4B3C-839B-31AC68C65768}.Release|Any CPU.ActiveCfg = Release|Any CPU
		{7D5A7C38-3A07-4B3C-839B-31AC68C65768}.Release|Any CPU.Build.0 = Release|Any CPU
		{A1388C37-D47F-42AD-9EFE-0D4C43C096F1}.Debug|Any CPU.ActiveCfg = Debug|Any CPU
		{A1388C37-D47F-42AD-9EFE-0D4C43C096F1}.Debug|Any CPU.Build.0 = Debug|Any CPU
		{A1388C37-D47F-42AD-9EFE-0D4C43C096F1}.Release|Any CPU.ActiveCfg = Release|Any CPU
		{A1388C37-D47F-42AD-9EFE-0D4C43C096F1}.Release|Any CPU.Build.0 = Release|Any CPU
	EndGlobalSection
	GlobalSection(SolutionProperties) = preSolution
		HideSolutionNode = FALSE
	EndGlobalSection
	GlobalSection(ExtensibilityGlobals) = postSolution
		SolutionGuid = {42177066-AA44-40A9-8EAC-44092B2AC16F}
	EndGlobalSection
EndGlobal
